{
  "name": "wiki.js",
  "version": "1.0.0-beta.13.1",
  "lockfileVersion": 1,
  "dependencies": {
    "amp": {
      "version": "https://registry.npmjs.org/amp/-/amp-0.3.1.tgz",
      "integrity": "sha1-at+NWKdPNh6CwfqNOJwHnhOfxH0="
    },
    "amp-message": {
      "version": "https://registry.npmjs.org/amp-message/-/amp-message-0.1.2.tgz",
      "integrity": "sha1-p48cmJlQh602GSpBKY5NtJ49/EU="
    },
    "ansi-escapes": {
      "version": "https://registry.npmjs.org/ansi-escapes/-/ansi-escapes-2.0.0.tgz",
      "integrity": "sha1-W65SvkJIeN2Xg+iRDj/Cki6DyBs="
    },
    "ansi-regex": {
      "version": "https://registry.npmjs.org/ansi-regex/-/ansi-regex-2.1.1.tgz",
      "integrity": "sha1-w7M6te42DYbg5ijwRorn7yfWVN8="
    },
    "ansi-styles": {
      "version": "https://registry.npmjs.org/ansi-styles/-/ansi-styles-2.2.1.tgz",
      "integrity": "sha1-tDLdM1i2NM914eRmQ2gkBTPB3b4="
    },
    "anymatch": {
      "version": "https://registry.npmjs.org/anymatch/-/anymatch-1.3.0.tgz",
      "integrity": "sha1-o+Uvo5FoyCX/V7AkgSbOWo/5VQc="
    },
    "argparse": {
      "version": "https://registry.npmjs.org/argparse/-/argparse-1.0.9.tgz",
      "integrity": "sha1-c9g7wmP4bpf4zE9rrhsOkKfSLIY=",
      "dependencies": {
        "sprintf-js": {
          "version": "https://registry.npmjs.org/sprintf-js/-/sprintf-js-1.0.3.tgz",
          "integrity": "sha1-BOaSb2YolTVPPdAVIDYzuFcpfiw="
        }
      }
    },
    "arr-diff": {
      "version": "https://registry.npmjs.org/arr-diff/-/arr-diff-2.0.0.tgz",
      "integrity": "sha1-jzuCf5Vai9ZpaX5KQlasPOrjVs8="
    },
    "arr-flatten": {
      "version": "https://registry.npmjs.org/arr-flatten/-/arr-flatten-1.0.3.tgz",
      "integrity": "sha1-onTthawIhJtr14R8RYB0XcUa37E="
    },
    "array-unique": {
      "version": "https://registry.npmjs.org/array-unique/-/array-unique-0.2.1.tgz",
      "integrity": "sha1-odl8yvy8JiXMcPrc6zalDFiwGlM="
    },
    "arrify": {
      "version": "https://registry.npmjs.org/arrify/-/arrify-1.0.1.tgz",
      "integrity": "sha1-iYUI2iIm84DfkEcoRWhJwVAaSw0="
    },
    "async": {
      "version": "https://registry.npmjs.org/async/-/async-1.5.2.tgz",
      "integrity": "sha1-7GphrlZIDAw8skHJVhjiCJL5Zyo="
    },
    "async-each": {
      "version": "https://registry.npmjs.org/async-each/-/async-each-1.0.1.tgz",
      "integrity": "sha1-GdOGodntxufByF04iu28xW0zYC0="
    },
    "async-listener": {
      "version": "https://registry.npmjs.org/async-listener/-/async-listener-0.6.5.tgz",
      "integrity": "sha1-LImdSaXoot6hC5RzkVtBSSBqHWg="
    },
    "balanced-match": {
      "version": "https://registry.npmjs.org/balanced-match/-/balanced-match-0.4.2.tgz",
      "integrity": "sha1-yz8+PHMtwPAe5wtAPzAuYddwmDg="
    },
    "binary-extensions": {
      "version": "https://registry.npmjs.org/binary-extensions/-/binary-extensions-1.8.0.tgz",
      "integrity": "sha1-SOyNFt9Dd+rl+liEaCSAr02Vx3Q="
    },
    "blessed": {
      "version": "https://registry.npmjs.org/blessed/-/blessed-0.1.81.tgz",
      "integrity": "sha1-+WLWh+wsNpVwrnGvhDJW5tDKESk="
    },
    "bluebird": {
      "version": "https://registry.npmjs.org/bluebird/-/bluebird-3.5.0.tgz",
      "integrity": "sha1-eRQg1/VR7qKJdFOop3ZT+WYG1nw="
    },
    "brace-expansion": {
      "version": "https://registry.npmjs.org/brace-expansion/-/brace-expansion-1.1.7.tgz",
      "integrity": "sha1-Pv/DxQ4ABTH7cg6v+A8K6O8jz1k="
    },
    "braces": {
      "version": "https://registry.npmjs.org/braces/-/braces-1.8.5.tgz",
      "integrity": "sha1-uneWLhLf+WnWt2cR6RS3N4V79qc="
    },
    "chalk": {
      "version": "https://registry.npmjs.org/chalk/-/chalk-1.1.3.tgz",
      "integrity": "sha1-qBFcVeSnAv5NFQq9OHKCKn4J/Jg="
    },
    "charm": {
      "version": "https://registry.npmjs.org/charm/-/charm-0.1.2.tgz",
      "integrity": "sha1-BsIe7RobBq62dVPNxT4jJ0usIpY="
    },
    "chokidar": {
      "version": "https://registry.npmjs.org/chokidar/-/chokidar-1.7.0.tgz",
      "integrity": "sha1-eY5ol3gVHIB2tLNg5e3SjNortGg="
    },
    "cli-cursor": {
      "version": "https://registry.npmjs.org/cli-cursor/-/cli-cursor-2.1.0.tgz",
      "integrity": "sha1-s12sN2R5+sw+lHR9QdDQ9SOP/LU="
    },
    "cli-spinners": {
      "version": "https://registry.npmjs.org/cli-spinners/-/cli-spinners-1.0.0.tgz",
      "integrity": "sha1-75h+09SDkaw9q5GAtAanQhgNbmo="
    },
    "cli-table": {
      "version": "https://registry.npmjs.org/cli-table/-/cli-table-0.3.1.tgz",
      "integrity": "sha1-9TsFJmqLGguTSz0IIebi3FkUriM=",
      "dependencies": {
        "colors": {
          "version": "https://registry.npmjs.org/colors/-/colors-1.0.3.tgz",
          "integrity": "sha1-BDP0TYCWgP3rYO0mDxsMJi6CpAs="
        }
      }
    },
    "cli-width": {
      "version": "https://registry.npmjs.org/cli-width/-/cli-width-2.1.0.tgz",
      "integrity": "sha1-sjTKIJsp72b8UY2bmNWEewDt8Ao="
    },
    "colors": {
      "version": "https://registry.npmjs.org/colors/-/colors-1.1.2.tgz",
      "integrity": "sha1-FopHAXVran9RoSzgyXv6KMCE7WM="
    },
    "commander": {
      "version": "https://registry.npmjs.org/commander/-/commander-2.9.0.tgz",
      "integrity": "sha1-nJkJQXbhIkDLItbFFGCYQA/g99Q="
    },
    "concat-map": {
      "version": "https://registry.npmjs.org/concat-map/-/concat-map-0.0.1.tgz",
      "integrity": "sha1-2Klr13/Wjfd5OnMDajug1UBdR3s="
    },
    "continuation-local-storage": {
      "version": "https://registry.npmjs.org/continuation-local-storage/-/continuation-local-storage-3.2.0.tgz",
      "integrity": "sha1-4Z/Da1lwkKXU5KOy6j68XilpSiQ="
    },
    "core-util-is": {
      "version": "https://registry.npmjs.org/core-util-is/-/core-util-is-1.0.2.tgz",
      "integrity": "sha1-tf1UIgqivFq1eqtxQMlAdUUDwac="
    },
    "cron": {
      "version": "https://registry.npmjs.org/cron/-/cron-1.2.1.tgz",
      "integrity": "sha1-OobAm0G48mGshjp8yF6kc1hX6rI="
    },
    "cross-spawn": {
      "version": "https://registry.npmjs.org/cross-spawn/-/cross-spawn-5.1.0.tgz",
      "integrity": "sha1-6L0O/uWPz/b4+UUQoKVUu/ojVEk="
    },
    "debug": {
      "version": "https://registry.npmjs.org/debug/-/debug-2.6.3.tgz",
      "integrity": "sha1-D364wwll7AjHKsz6ATDIt5mEFB0="
    },
    "emitter-listener": {
      "version": "https://registry.npmjs.org/emitter-listener/-/emitter-listener-1.0.1.tgz",
      "integrity": "sha1-skmepuWCMKUsJo1d8mHuzZ8Q/pc=",
      "dependencies": {
        "shimmer": {
          "version": "https://registry.npmjs.org/shimmer/-/shimmer-1.0.0.tgz",
          "integrity": "sha1-ScLXHGeDYLgCvhiyeDgtHLuAXDk="
        }
      }
    },
    "escape-regexp": {
      "version": "https://registry.npmjs.org/escape-regexp/-/escape-regexp-0.0.1.tgz",
      "integrity": "sha1-9EvaEtRbvfnLf4Yu5+SCez3TIlQ="
    },
    "escape-string-regexp": {
      "version": "https://registry.npmjs.org/escape-string-regexp/-/escape-string-regexp-1.0.5.tgz",
      "integrity": "sha1-G2HAViGQqN/2rjuyzwIAyhMLhtQ="
    },
    "eventemitter2": {
      "version": "https://registry.npmjs.org/eventemitter2/-/eventemitter2-1.0.5.tgz",
      "integrity": "sha1-+YNhBRexc3wLncZDvsqTiTwE3xg="
    },
    "execa": {
      "version": "https://registry.npmjs.org/execa/-/execa-0.7.0.tgz",
      "integrity": "sha1-lEvs00zEHuMqY6n68nrVpl/Fl3c="
    },
    "expand-brackets": {
      "version": "https://registry.npmjs.org/expand-brackets/-/expand-brackets-0.1.5.tgz",
      "integrity": "sha1-3wcoTjQqgHzXM6xa9yQR5YHRF3s="
    },
    "expand-range": {
      "version": "https://registry.npmjs.org/expand-range/-/expand-range-1.8.2.tgz",
      "integrity": "sha1-opnv/TNf4nIeuujiV+x5ZE/IUzc="
    },
    "extend": {
      "version": "https://registry.npmjs.org/extend/-/extend-3.0.1.tgz",
      "integrity": "sha1-p1Xqe8Gt/MWjHOfnYtuq3F5jZEQ="
    },
    "external-editor": {
      "version": "https://registry.npmjs.org/external-editor/-/external-editor-2.0.4.tgz",
      "integrity": "sha1-HtkZnanL/i7y96MbL96LDRI2iXI="
    },
    "extglob": {
      "version": "https://registry.npmjs.org/extglob/-/extglob-0.3.2.tgz",
      "integrity": "sha1-Lhj/PS9JqydlzskCPwEdqo2DSaE="
    },
    "fclone": {
      "version": "https://registry.npmjs.org/fclone/-/fclone-1.0.11.tgz",
      "integrity": "sha1-EOhdo4v+p/xZk0HClu4ddyZu5kA="
    },
    "figures": {
      "version": "https://registry.npmjs.org/figures/-/figures-2.0.0.tgz",
      "integrity": "sha1-OrGi0qYsi/tDGgyUy3l6L84nyWI="
    },
    "filename-regex": {
      "version": "https://registry.npmjs.org/filename-regex/-/filename-regex-2.0.1.tgz",
      "integrity": "sha1-wcS5vuPglyXdsQa3XB4wH+LxiyY="
    },
    "fill-range": {
      "version": "https://registry.npmjs.org/fill-range/-/fill-range-2.2.3.tgz",
      "integrity": "sha1-ULd9/X5Gm8dJJHCWNpn+eoSFpyM="
    },
    "follow-redirects": {
      "version": "1.2.4",
      "resolved": "https://registry.npmjs.org/follow-redirects/-/follow-redirects-1.2.4.tgz",
      "integrity": "sha512-Suw6KewLV2hReSyEOeql+UUkBVyiBm3ok1VPrVFRZnQInWpdoZbbiG5i8aJVSjTr0yQ4Ava0Sh6/joCg1Brdqw=="
    },
    "for-in": {
      "version": "https://registry.npmjs.org/for-in/-/for-in-1.0.2.tgz",
      "integrity": "sha1-gQaNKVqBQuwKxybG4iAMMPttXoA="
    },
    "for-own": {
      "version": "https://registry.npmjs.org/for-own/-/for-own-0.1.5.tgz",
      "integrity": "sha1-UmXGgaTylNq78XyVCbZ2OqhFEM4="
    },
    "fs-extra": {
      "version": "https://registry.npmjs.org/fs-extra/-/fs-extra-3.0.1.tgz",
      "integrity": "sha1-N5TzeMWLNC6n27sjCVEJxLO2IpE="
    },
    "fs.realpath": {
      "version": "https://registry.npmjs.org/fs.realpath/-/fs.realpath-1.0.0.tgz",
      "integrity": "sha1-FQStJSMVjKpA20onh8sBQRmU6k8="
    },
    "fsevents": {
      "version": "1.1.2",
      "resolved": "https://registry.npmjs.org/fsevents/-/fsevents-1.1.2.tgz",
      "integrity": "sha512-Sn44E5wQW4bTHXvQmvSHwqbuiXtduD6Rrjm2ZtUEGbyrig+nUH3t/QD4M4/ZXViY556TBpRgZkHLDx3JxPwxiw==",
      "optional": true,
      "dependencies": {
        "abbrev": {
          "version": "1.1.0",
          "bundled": true,
          "optional": true
        },
        "ajv": {
          "version": "4.11.8",
          "bundled": true,
          "optional": true
        },
        "ansi-regex": {
          "version": "2.1.1",
          "bundled": true
        },
        "aproba": {
          "version": "1.1.1",
          "bundled": true,
          "optional": true
        },
        "are-we-there-yet": {
          "version": "1.1.4",
          "bundled": true,
          "optional": true
        },
        "asn1": {
          "version": "0.2.3",
          "bundled": true,
          "optional": true
        },
        "assert-plus": {
          "version": "0.2.0",
          "bundled": true,
          "optional": true
        },
        "asynckit": {
          "version": "0.4.0",
          "bundled": true,
          "optional": true
        },
        "aws-sign2": {
          "version": "0.6.0",
          "bundled": true,
          "optional": true
        },
        "aws4": {
          "version": "1.6.0",
          "bundled": true,
          "optional": true
        },
        "balanced-match": {
          "version": "0.4.2",
          "bundled": true
        },
        "bcrypt-pbkdf": {
          "version": "1.0.1",
          "bundled": true,
          "optional": true
        },
        "block-stream": {
          "version": "0.0.9",
          "bundled": true
        },
        "boom": {
          "version": "2.10.1",
          "bundled": true
        },
        "brace-expansion": {
          "version": "1.1.7",
          "bundled": true
        },
        "buffer-shims": {
          "version": "1.0.0",
          "bundled": true
        },
        "caseless": {
          "version": "0.12.0",
          "bundled": true,
          "optional": true
        },
        "co": {
          "version": "4.6.0",
          "bundled": true,
          "optional": true
        },
        "code-point-at": {
          "version": "1.1.0",
          "bundled": true
        },
        "combined-stream": {
          "version": "1.0.5",
          "bundled": true
        },
        "concat-map": {
          "version": "0.0.1",
          "bundled": true
        },
        "console-control-strings": {
          "version": "1.1.0",
          "bundled": true
        },
        "core-util-is": {
          "version": "1.0.2",
          "bundled": true
        },
        "cryptiles": {
          "version": "2.0.5",
          "bundled": true,
          "optional": true
        },
        "dashdash": {
          "version": "1.14.1",
          "bundled": true,
          "optional": true,
          "dependencies": {
            "assert-plus": {
              "version": "1.0.0",
              "bundled": true,
              "optional": true
            }
          }
        },
        "debug": {
          "version": "2.6.8",
          "bundled": true,
          "optional": true
        },
        "deep-extend": {
          "version": "0.4.2",
          "bundled": true,
          "optional": true
        },
        "delayed-stream": {
          "version": "1.0.0",
          "bundled": true
        },
        "delegates": {
          "version": "1.0.0",
          "bundled": true,
          "optional": true
        },
        "ecc-jsbn": {
          "version": "0.1.1",
          "bundled": true,
          "optional": true
        },
        "extend": {
          "version": "3.0.1",
          "bundled": true,
          "optional": true
        },
        "extsprintf": {
          "version": "1.0.2",
          "bundled": true
        },
        "forever-agent": {
          "version": "0.6.1",
          "bundled": true,
          "optional": true
        },
        "form-data": {
          "version": "2.1.4",
          "bundled": true,
          "optional": true
        },
        "fs.realpath": {
          "version": "1.0.0",
          "bundled": true
        },
        "fstream": {
          "version": "1.0.11",
          "bundled": true
        },
        "fstream-ignore": {
          "version": "1.0.5",
          "bundled": true,
          "optional": true
        },
        "gauge": {
          "version": "2.7.4",
          "bundled": true,
          "optional": true
        },
        "getpass": {
          "version": "0.1.7",
          "bundled": true,
          "optional": true,
          "dependencies": {
            "assert-plus": {
              "version": "1.0.0",
              "bundled": true,
              "optional": true
            }
          }
        },
        "glob": {
          "version": "7.1.2",
          "bundled": true
        },
        "graceful-fs": {
          "version": "4.1.11",
          "bundled": true
        },
        "har-schema": {
          "version": "1.0.5",
          "bundled": true,
          "optional": true
        },
        "har-validator": {
          "version": "4.2.1",
          "bundled": true,
          "optional": true
        },
        "has-unicode": {
          "version": "2.0.1",
          "bundled": true,
          "optional": true
        },
        "hawk": {
          "version": "3.1.3",
          "bundled": true,
          "optional": true
        },
        "hoek": {
          "version": "2.16.3",
          "bundled": true
        },
        "http-signature": {
          "version": "1.1.1",
          "bundled": true,
          "optional": true
        },
        "inflight": {
          "version": "1.0.6",
          "bundled": true
        },
        "inherits": {
          "version": "2.0.3",
          "bundled": true
        },
        "ini": {
          "version": "1.3.4",
          "bundled": true,
          "optional": true
        },
        "is-fullwidth-code-point": {
          "version": "1.0.0",
          "bundled": true
        },
        "is-typedarray": {
          "version": "1.0.0",
          "bundled": true,
          "optional": true
        },
        "isarray": {
          "version": "1.0.0",
          "bundled": true
        },
        "isstream": {
          "version": "0.1.2",
          "bundled": true,
          "optional": true
        },
        "jodid25519": {
          "version": "1.0.2",
          "bundled": true,
          "optional": true
        },
        "jsbn": {
          "version": "0.1.1",
          "bundled": true,
          "optional": true
        },
        "json-schema": {
          "version": "0.2.3",
          "bundled": true,
          "optional": true
        },
        "json-stable-stringify": {
          "version": "1.0.1",
          "bundled": true,
          "optional": true
        },
        "json-stringify-safe": {
          "version": "5.0.1",
          "bundled": true,
          "optional": true
        },
        "jsonify": {
          "version": "0.0.0",
          "bundled": true,
          "optional": true
        },
        "jsprim": {
          "version": "1.4.0",
          "bundled": true,
          "optional": true,
          "dependencies": {
            "assert-plus": {
              "version": "1.0.0",
              "bundled": true,
              "optional": true
            }
          }
        },
        "mime-db": {
          "version": "1.27.0",
          "bundled": true
        },
        "mime-types": {
          "version": "2.1.15",
          "bundled": true
        },
        "minimatch": {
          "version": "3.0.4",
          "bundled": true
        },
        "minimist": {
          "version": "0.0.8",
          "bundled": true
        },
        "mkdirp": {
          "version": "0.5.1",
          "bundled": true
        },
        "ms": {
          "version": "2.0.0",
          "bundled": true,
          "optional": true
        },
        "node-pre-gyp": {
          "version": "0.6.36",
          "bundled": true,
          "optional": true
        },
        "nopt": {
          "version": "4.0.1",
          "bundled": true,
          "optional": true
        },
        "npmlog": {
          "version": "4.1.0",
          "bundled": true,
          "optional": true
        },
        "number-is-nan": {
          "version": "1.0.1",
          "bundled": true
        },
        "oauth-sign": {
          "version": "0.8.2",
          "bundled": true,
          "optional": true
        },
        "object-assign": {
          "version": "4.1.1",
          "bundled": true,
          "optional": true
        },
        "once": {
          "version": "1.4.0",
          "bundled": true
        },
        "os-homedir": {
          "version": "1.0.2",
          "bundled": true,
          "optional": true
        },
        "os-tmpdir": {
          "version": "1.0.2",
          "bundled": true,
          "optional": true
        },
        "osenv": {
          "version": "0.1.4",
          "bundled": true,
          "optional": true
        },
        "path-is-absolute": {
          "version": "1.0.1",
          "bundled": true
        },
        "performance-now": {
          "version": "0.2.0",
          "bundled": true,
          "optional": true
        },
        "process-nextick-args": {
          "version": "1.0.7",
          "bundled": true
        },
        "punycode": {
          "version": "1.4.1",
          "bundled": true,
          "optional": true
        },
        "qs": {
          "version": "6.4.0",
          "bundled": true,
          "optional": true
        },
        "rc": {
          "version": "1.2.1",
          "bundled": true,
          "optional": true,
          "dependencies": {
            "minimist": {
              "version": "1.2.0",
              "bundled": true,
              "optional": true
            }
          }
        },
        "readable-stream": {
          "version": "2.2.9",
          "bundled": true
        },
        "request": {
          "version": "2.81.0",
          "bundled": true,
          "optional": true
        },
        "rimraf": {
          "version": "2.6.1",
          "bundled": true
        },
        "safe-buffer": {
          "version": "5.0.1",
          "bundled": true
        },
        "semver": {
          "version": "5.3.0",
          "bundled": true,
          "optional": true
        },
        "set-blocking": {
          "version": "2.0.0",
          "bundled": true,
          "optional": true
        },
        "signal-exit": {
          "version": "3.0.2",
          "bundled": true,
          "optional": true
        },
        "sntp": {
          "version": "1.0.9",
          "bundled": true,
          "optional": true
        },
        "sshpk": {
          "version": "1.13.0",
          "bundled": true,
          "optional": true,
          "dependencies": {
            "assert-plus": {
              "version": "1.0.0",
              "bundled": true,
              "optional": true
            }
          }
        },
        "string_decoder": {
          "version": "1.0.1",
          "bundled": true
        },
        "string-width": {
          "version": "1.0.2",
          "bundled": true
        },
        "stringstream": {
          "version": "0.0.5",
          "bundled": true,
          "optional": true
        },
        "strip-ansi": {
          "version": "3.0.1",
          "bundled": true
        },
        "strip-json-comments": {
          "version": "2.0.1",
          "bundled": true,
          "optional": true
        },
        "tar": {
          "version": "2.2.1",
          "bundled": true
        },
        "tar-pack": {
          "version": "3.4.0",
          "bundled": true,
          "optional": true
        },
        "tough-cookie": {
          "version": "2.3.2",
          "bundled": true,
          "optional": true
        },
        "tunnel-agent": {
          "version": "0.6.0",
          "bundled": true,
          "optional": true
        },
        "tweetnacl": {
          "version": "0.14.5",
          "bundled": true,
          "optional": true
        },
        "uid-number": {
          "version": "0.0.6",
          "bundled": true,
          "optional": true
        },
        "util-deprecate": {
          "version": "1.0.2",
          "bundled": true
        },
        "uuid": {
          "version": "3.0.1",
          "bundled": true,
          "optional": true
        },
        "verror": {
          "version": "1.3.6",
          "bundled": true,
          "optional": true
        },
        "wide-align": {
          "version": "1.1.2",
          "bundled": true,
          "optional": true
        },
        "wrappy": {
          "version": "1.0.2",
          "bundled": true
        }
      }
    },
    "get-stream": {
      "version": "https://registry.npmjs.org/get-stream/-/get-stream-3.0.0.tgz",
      "integrity": "sha1-jpQ9E1jcN1VQVOy+LtsFqhdO3hQ="
    },
    "gkt": {
      "version": "https://tgz.pm2.io/gkt-1.0.0.tgz",
      "integrity": "sha1-QFUCsAfzGcP0cXXER0UnMA8qta0=",
      "optional": true
    },
    "glob": {
      "version": "https://registry.npmjs.org/glob/-/glob-7.1.2.tgz",
      "integrity": "sha1-wZyd+aAocC1nhhI4SmVSQExjbRU="
    },
    "glob-base": {
      "version": "https://registry.npmjs.org/glob-base/-/glob-base-0.3.0.tgz",
      "integrity": "sha1-27Fk9iIbHAscz4Kuoyi0l98Oo8Q="
    },
    "glob-parent": {
      "version": "https://registry.npmjs.org/glob-parent/-/glob-parent-2.0.0.tgz",
      "integrity": "sha1-gTg9ctsFT8zPUzbaqQLxgvbtuyg="
    },
    "graceful-fs": {
      "version": "https://registry.npmjs.org/graceful-fs/-/graceful-fs-4.1.11.tgz",
      "integrity": "sha1-Dovf5NHduIVNZOBOp8AOKgJuVlg="
    },
    "graceful-readlink": {
      "version": "https://registry.npmjs.org/graceful-readlink/-/graceful-readlink-1.0.1.tgz",
      "integrity": "sha1-TK+tdrxi8C+gObL5Tpo906ORpyU="
    },
    "has-ansi": {
      "version": "https://registry.npmjs.org/has-ansi/-/has-ansi-2.0.0.tgz",
      "integrity": "sha1-NPUEnOHs3ysGSa8+8k5F7TVBbZE="
    },
    "iconv-lite": {
      "version": "https://registry.npmjs.org/iconv-lite/-/iconv-lite-0.4.17.tgz",
      "integrity": "sha1-T9qjs4rLwsAxsEXQ7c3+HsqxjI0="
    },
    "inflight": {
      "version": "https://registry.npmjs.org/inflight/-/inflight-1.0.6.tgz",
      "integrity": "sha1-Sb1jMdfQLQwJvJEKEHW6gWW1bfk="
    },
    "inherits": {
      "version": "https://registry.npmjs.org/inherits/-/inherits-2.0.3.tgz",
      "integrity": "sha1-Yzwsg+PaQqUC9SRmAiSA9CCCYd4="
    },
    "inquirer": {
      "version": "3.1.1",
      "resolved": "https://registry.npmjs.org/inquirer/-/inquirer-3.1.1.tgz",
      "integrity": "sha512-H50sHQwgvvaTBd3HpKMVtL/u6LoHDvYym51gd7bGQe/+9HkCE+J0/3N5FJLfd6O6oz44hHewC2Pc2LodzWVafQ=="
    },
    "interpret": {
      "version": "https://registry.npmjs.org/interpret/-/interpret-1.0.3.tgz",
      "integrity": "sha1-y8NcYu7uc/Gat7EKgBURQBr8D5A="
    },
    "is": {
      "version": "https://registry.npmjs.org/is/-/is-3.2.1.tgz",
      "integrity": "sha1-0Kwq1V63sL7JJqUmb2xmKqqD3KU="
    },
    "is-binary-path": {
      "version": "https://registry.npmjs.org/is-binary-path/-/is-binary-path-1.0.1.tgz",
      "integrity": "sha1-dfFmQrSA8YenEcgUFh/TpKdlWJg="
    },
    "is-buffer": {
      "version": "https://registry.npmjs.org/is-buffer/-/is-buffer-1.1.5.tgz",
      "integrity": "sha1-Hzsm72E7IUuIy8ojzGwB2Hlh7sw="
    },
    "is-dotfile": {
      "version": "https://registry.npmjs.org/is-dotfile/-/is-dotfile-1.0.3.tgz",
      "integrity": "sha1-pqLzL/0t+wT1yiXs0Pa4PPeYoeE="
    },
    "is-equal-shallow": {
      "version": "https://registry.npmjs.org/is-equal-shallow/-/is-equal-shallow-0.1.3.tgz",
      "integrity": "sha1-IjgJj8Ih3gvPpdnqxMRdY4qhxTQ="
    },
    "is-extendable": {
      "version": "https://registry.npmjs.org/is-extendable/-/is-extendable-0.1.1.tgz",
      "integrity": "sha1-YrEQ4omkcUGOPsNqYX1HLjAd/Ik="
    },
    "is-extglob": {
      "version": "https://registry.npmjs.org/is-extglob/-/is-extglob-1.0.0.tgz",
      "integrity": "sha1-rEaBd8SUNAWgkvyPKXYMb/xiBsA="
    },
    "is-fullwidth-code-point": {
      "version": "https://registry.npmjs.org/is-fullwidth-code-point/-/is-fullwidth-code-point-2.0.0.tgz",
      "integrity": "sha1-o7MKXE8ZkYMWeqq5O+764937ZU8="
    },
    "is-glob": {
      "version": "https://registry.npmjs.org/is-glob/-/is-glob-2.0.1.tgz",
      "integrity": "sha1-0Jb5JqPe1WAPP9/ZEZjLCIjC2GM="
    },
    "is-number": {
      "version": "https://registry.npmjs.org/is-number/-/is-number-2.1.0.tgz",
      "integrity": "sha1-Afy7s5NGOlSPL0ZszhbezknbkI8="
    },
    "is-posix-bracket": {
      "version": "https://registry.npmjs.org/is-posix-bracket/-/is-posix-bracket-0.1.1.tgz",
      "integrity": "sha1-MzTceXdDaOkvAW5vvAqI9c1ua8Q="
    },
    "is-primitive": {
      "version": "https://registry.npmjs.org/is-primitive/-/is-primitive-2.0.0.tgz",
      "integrity": "sha1-IHurkWOEmcB7Kt8kCkGochADRXU="
    },
    "is-promise": {
      "version": "https://registry.npmjs.org/is-promise/-/is-promise-2.1.0.tgz",
      "integrity": "sha1-eaKp7OfwlugPNtKy87wWwf9L8/o="
    },
    "is-stream": {
      "version": "https://registry.npmjs.org/is-stream/-/is-stream-1.1.0.tgz",
      "integrity": "sha1-EtSj3U5o4Lec6428hBc66A2RykQ="
    },
    "isarray": {
      "version": "https://registry.npmjs.org/isarray/-/isarray-1.0.0.tgz",
      "integrity": "sha1-u5NdSFgsuhaMBoNJV6VKPgcSTxE="
    },
    "isexe": {
      "version": "https://registry.npmjs.org/isexe/-/isexe-2.0.0.tgz",
      "integrity": "sha1-6PvzdNxVb/iUehDcsFctYz8s+hA="
    },
    "isobject": {
      "version": "https://registry.npmjs.org/isobject/-/isobject-2.1.0.tgz",
      "integrity": "sha1-8GVWEJaj8dou9GJy+BXIQNh+DIk="
    },
    "jschardet": {
      "version": "https://registry.npmjs.org/jschardet/-/jschardet-1.4.2.tgz",
      "integrity": "sha1-KqEH8UKvQSHRRWWdRPUIMJYeaZo="
    },
    "json-stringify-safe": {
      "version": "https://registry.npmjs.org/json-stringify-safe/-/json-stringify-safe-5.0.1.tgz",
      "integrity": "sha1-Epai1Y/UXxmg9s4B1lcB4sc1tus="
    },
    "jsonfile": {
      "version": "https://registry.npmjs.org/jsonfile/-/jsonfile-3.0.0.tgz",
      "integrity": "sha1-kufHRE5f/V+jLmqa6LhQNN+DR9A="
    },
    "kind-of": {
      "version": "https://registry.npmjs.org/kind-of/-/kind-of-3.2.2.tgz",
      "integrity": "sha1-MeohpzS6ubuw8yRm2JOupR5KPGQ="
    },
    "lazy": {
      "version": "https://registry.npmjs.org/lazy/-/lazy-1.0.11.tgz",
      "integrity": "sha1-2qBoIGKCVCwIgojpdcKXwa53tpA="
    },
    "lodash": {
      "version": "https://registry.npmjs.org/lodash/-/lodash-4.17.4.tgz",
      "integrity": "sha1-eCA6TRwyiuHYbcpkYONptX9AVa4="
    },
    "lodash.findindex": {
      "version": "https://registry.npmjs.org/lodash.findindex/-/lodash.findindex-4.6.0.tgz",
      "integrity": "sha1-oyRd7mH7m24GJLU1ElYku2nBEQY="
    },
    "lodash.isequal": {
      "version": "https://registry.npmjs.org/lodash.isequal/-/lodash.isequal-4.5.0.tgz",
      "integrity": "sha1-QVxEePK8wwEgwizhDtMib30+GOA="
    },
    "lodash.merge": {
      "version": "https://registry.npmjs.org/lodash.merge/-/lodash.merge-4.6.0.tgz",
      "integrity": "sha1-aYhLoUSsM/5plzemCG3v+t0PicU="
    },
    "log-symbols": {
      "version": "https://registry.npmjs.org/log-symbols/-/log-symbols-1.0.2.tgz",
      "integrity": "sha1-N2/3tY6jCGoPCfrMdGF+ylAeGhg="
    },
    "lru-cache": {
      "version": "https://registry.npmjs.org/lru-cache/-/lru-cache-4.1.0.tgz",
      "integrity": "sha1-Wb5JpoO42YapOfHKYP22mJ9LIEY="
    },
    "methods": {
      "version": "https://registry.npmjs.org/methods/-/methods-1.1.2.tgz",
      "integrity": "sha1-VSmk1nZUE07cxSZmVoNbD4Ua/O4="
    },
    "micromatch": {
      "version": "https://registry.npmjs.org/micromatch/-/micromatch-2.3.11.tgz",
      "integrity": "sha1-hmd8l9FyCzY0MdBNDRUpO9OMFWU="
    },
    "mimic-fn": {
      "version": "https://registry.npmjs.org/mimic-fn/-/mimic-fn-1.1.0.tgz",
      "integrity": "sha1-5md4PZLonb00KBi1IwudYqZyrRg="
    },
    "minimatch": {
      "version": "https://registry.npmjs.org/minimatch/-/minimatch-3.0.4.tgz",
      "integrity": "sha1-UWbihkV/AzBgZL5Ul+jbsMPTIIM="
    },
    "minimist": {
      "version": "https://registry.npmjs.org/minimist/-/minimist-0.0.8.tgz",
      "integrity": "sha1-hX/Kv8M5fSYluCKCYuhqp6ARsF0="
    },
    "minipass": {
      "version": "https://registry.npmjs.org/minipass/-/minipass-2.0.2.tgz",
      "integrity": "sha1-+uXHgSQFH1b9IAffABLg2senUs4=",
      "dependencies": {
        "yallist": {
          "version": "https://registry.npmjs.org/yallist/-/yallist-3.0.2.tgz",
          "integrity": "sha1-hFK0u36Dx8GI2AQcGoN8dz1ti7k="
        }
      }
    },
    "minizlib": {
      "version": "https://registry.npmjs.org/minizlib/-/minizlib-1.0.3.tgz",
      "integrity": "sha1-1cGr93vhVGGZUuJTM27Mq5sqMvU="
    },
    "mkdirp": {
      "version": "https://registry.npmjs.org/mkdirp/-/mkdirp-0.5.1.tgz",
      "integrity": "sha1-MAV0OOrGz3+MR2fzhkjWaX11yQM="
    },
    "moment": {
      "version": "https://registry.npmjs.org/moment/-/moment-2.18.1.tgz",
      "integrity": "sha1-w2GT3Tzhwu7SrbfIAtu8d6gbHA8="
    },
    "moment-timezone": {
      "version": "https://registry.npmjs.org/moment-timezone/-/moment-timezone-0.5.13.tgz",
      "integrity": "sha1-mc5cfYJyYusPH3AgRBd/YHRde5A="
    },
    "ms": {
      "version": "https://registry.npmjs.org/ms/-/ms-0.7.2.tgz",
      "integrity": "sha1-riXPJRKziFodldfwN4aNhDESR2U="
    },
    "mute-stream": {
      "version": "https://registry.npmjs.org/mute-stream/-/mute-stream-0.0.7.tgz",
      "integrity": "sha1-MHXOk7whuPq0PhvE2n6BFe0ee6s="
    },
    "nan": {
      "version": "2.6.2",
      "resolved": "https://registry.npmjs.org/nan/-/nan-2.6.2.tgz",
      "integrity": "sha1-5P805slf37WuzAjeZZb0NgWn20U=",
      "optional": true
    },
    "needle": {
      "version": "https://registry.npmjs.org/needle/-/needle-1.6.0.tgz",
      "integrity": "sha1-9SpYWJchIWGOAC+OY4TK2sItYk8="
    },
    "normalize-path": {
      "version": "https://registry.npmjs.org/normalize-path/-/normalize-path-2.1.1.tgz",
      "integrity": "sha1-GrKLVW4Zg2Oowab35vogE3/mrtk="
    },
    "npm-run-path": {
      "version": "https://registry.npmjs.org/npm-run-path/-/npm-run-path-2.0.2.tgz",
      "integrity": "sha1-NakjLfo11wZ7TLLd8jV7GHFTbF8="
    },
    "nssocket": {
      "version": "https://registry.npmjs.org/nssocket/-/nssocket-0.6.0.tgz",
      "integrity": "sha1-Wflvb/MhVm8zxw99vu7N/cBxVPo=",
      "dependencies": {
        "eventemitter2": {
          "version": "https://registry.npmjs.org/eventemitter2/-/eventemitter2-0.4.14.tgz",
          "integrity": "sha1-j2G3XN4BKy6esoTUVFWDtWQ7Yas="
        }
      }
    },
    "object.omit": {
      "version": "https://registry.npmjs.org/object.omit/-/object.omit-2.0.1.tgz",
      "integrity": "sha1-Gpx0SCnznbuFjHbKNXmuKlTr0fo="
    },
    "once": {
      "version": "https://registry.npmjs.org/once/-/once-1.4.0.tgz",
      "integrity": "sha1-WDsap3WWHUsROsF9nFC6753Xa9E="
    },
    "onetime": {
      "version": "https://registry.npmjs.org/onetime/-/onetime-2.0.0.tgz",
      "integrity": "sha1-UqqBEOUvxRJv/GZ72Owhwu0gnOY="
    },
    "ora": {
      "version": "1.3.0",
      "resolved": "https://registry.npmjs.org/ora/-/ora-1.3.0.tgz",
      "integrity": "sha1-gAeN0rkqk0r2ajrXKluRBpTt5Ro="
    },
    "os-tmpdir": {
      "version": "https://registry.npmjs.org/os-tmpdir/-/os-tmpdir-1.0.2.tgz",
      "integrity": "sha1-u+Z0BseaqFxc/sdm/lc0VV36EnQ="
    },
    "p-finally": {
      "version": "https://registry.npmjs.org/p-finally/-/p-finally-1.0.0.tgz",
      "integrity": "sha1-P7z7FbiZpEEjs0ttzBi3JDNqLK4="
    },
    "parse-glob": {
      "version": "https://registry.npmjs.org/parse-glob/-/parse-glob-3.0.4.tgz",
      "integrity": "sha1-ssN2z7EfNVE7rdFz7wu246OIORw="
    },
    "path-is-absolute": {
      "version": "https://registry.npmjs.org/path-is-absolute/-/path-is-absolute-1.0.1.tgz",
      "integrity": "sha1-F0uSaHNVNP+8es5r9TpanhtcX18="
    },
    "path-key": {
      "version": "https://registry.npmjs.org/path-key/-/path-key-2.0.1.tgz",
      "integrity": "sha1-QRyttXTFoUDTpLGRDUDYDMn0C0A="
    },
    "path-parse": {
      "version": "https://registry.npmjs.org/path-parse/-/path-parse-1.0.5.tgz",
      "integrity": "sha1-PBrfhx6pzWyUMbbqK9dKD/BVxME="
    },
    "pidusage": {
      "version": "https://registry.npmjs.org/pidusage/-/pidusage-1.1.5.tgz",
      "integrity": "sha1-uMjTK9+vNiEsqedBAoh26jMhfmY="
    },
    "pm2": {
      "version": "https://registry.npmjs.org/pm2/-/pm2-2.5.0.tgz",
      "integrity": "sha1-EcD/NJfCKSPmIh6deACLHLRYS9E="
    },
    "pm2-axon": {
      "version": "https://registry.npmjs.org/pm2-axon/-/pm2-axon-3.0.2.tgz",
      "integrity": "sha1-U94dNO2/Jm1Y9rHeotgkTHGtJLk=",
      "dependencies": {
        "debug": {
          "version": "https://registry.npmjs.org/debug/-/debug-2.2.0.tgz",
          "integrity": "sha1-+HBX6ZWxofauaklgZkE3vFbwOdo="
        },
        "ms": {
          "version": "https://registry.npmjs.org/ms/-/ms-0.7.1.tgz",
          "integrity": "sha1-nNE8A62/8ltl7/3nzoZO6VIBcJg="
        }
      }
    },
    "pm2-axon-rpc": {
      "version": "https://registry.npmjs.org/pm2-axon-rpc/-/pm2-axon-rpc-0.4.5.tgz",
      "integrity": "sha1-+2LppT8+K3vtGv4W47DRsG/oumk=",
      "dependencies": {
        "fclone": {
          "version": "https://registry.npmjs.org/fclone/-/fclone-1.0.8.tgz",
          "integrity": "sha1-oNSnPZgySZeMDgZxoWFSC5lkZ+s="
        }
      }
    },
    "pm2-deploy": {
      "version": "https://registry.npmjs.org/pm2-deploy/-/pm2-deploy-0.3.5.tgz",
      "integrity": "sha1-1DS+x7yx08g4ahI0r1o7Z5QBbBw="
    },
    "pm2-multimeter": {
      "version": "https://registry.npmjs.org/pm2-multimeter/-/pm2-multimeter-0.1.2.tgz",
      "integrity": "sha1-Gh5VFT1BoFU0zqI8/oYKuqDrSs4="
    },
    "pmx": {
      "version": "https://registry.npmjs.org/pmx/-/pmx-1.2.0.tgz",
      "integrity": "sha1-cSqeH96lOpsGEWnMdnaxSDjIdYU="
    },
    "preserve": {
      "version": "https://registry.npmjs.org/preserve/-/preserve-0.2.0.tgz",
      "integrity": "sha1-gV7R9uvGWSb4ZbMQwHE7yzMVzks="
    },
    "process-nextick-args": {
      "version": "https://registry.npmjs.org/process-nextick-args/-/process-nextick-args-1.0.7.tgz",
      "integrity": "sha1-FQ4gt1ZZCtP5EJPyWk8q2L/zC6M="
    },
    "promptly": {
      "version": "https://registry.npmjs.org/promptly/-/promptly-2.2.0.tgz",
      "integrity": "sha1-KhP6BjaIoqWYOxYf/wEIoH0m/HQ="
    },
    "pseudomap": {
      "version": "https://registry.npmjs.org/pseudomap/-/pseudomap-1.0.2.tgz",
      "integrity": "sha1-8FKijacOYYkX7wqKw0wa5aaChrM="
    },
    "randomatic": {
      "version": "https://registry.npmjs.org/randomatic/-/randomatic-1.1.7.tgz",
      "integrity": "sha1-x6vpzIuHwLqodrGf3oP9RkeX44w=",
      "dependencies": {
        "is-number": {
          "version": "https://registry.npmjs.org/is-number/-/is-number-3.0.0.tgz",
          "integrity": "sha1-JP1iAaR4LPUFYcgQJ2r8fRLXEZU=",
          "dependencies": {
            "kind-of": {
              "version": "https://registry.npmjs.org/kind-of/-/kind-of-3.2.2.tgz",
              "integrity": "sha1-MeohpzS6ubuw8yRm2JOupR5KPGQ="
            }
          }
        },
        "kind-of": {
          "version": "https://registry.npmjs.org/kind-of/-/kind-of-4.0.0.tgz",
          "integrity": "sha1-IIE989cSkosgc3hpGkUGb65y3Vc="
        }
      }
    },
    "read": {
      "version": "https://registry.npmjs.org/read/-/read-1.0.7.tgz",
      "integrity": "sha1-s9oZvQUkMal2cdRKQmNK33ELQMQ="
    },
    "readable-stream": {
      "version": "https://registry.npmjs.org/readable-stream/-/readable-stream-2.2.11.tgz",
      "integrity": "sha1-B5azH412iAB/8Lk6gIjTSqF8D3I="
    },
    "readdirp": {
      "version": "https://registry.npmjs.org/readdirp/-/readdirp-2.1.0.tgz",
      "integrity": "sha1-TtCtBg3zBzMAxIRANz9y0cxkLXg="
    },
    "rechoir": {
      "version": "https://registry.npmjs.org/rechoir/-/rechoir-0.6.2.tgz",
      "integrity": "sha1-hSBLVNuoLVdC4oyWdW70OvUOM4Q="
    },
    "regex-cache": {
      "version": "https://registry.npmjs.org/regex-cache/-/regex-cache-0.4.3.tgz",
      "integrity": "sha1-mxpsNdTQ3871cRrmUejp09cRQUU="
    },
    "remove-trailing-separator": {
      "version": "https://registry.npmjs.org/remove-trailing-separator/-/remove-trailing-separator-1.0.2.tgz",
      "integrity": "sha1-abBi2XhyetFNxrVrpKt3L9jXBRE="
    },
    "repeat-element": {
      "version": "https://registry.npmjs.org/repeat-element/-/repeat-element-1.1.2.tgz",
      "integrity": "sha1-7wiaF40Ug7quTZPrmLT55OEdmQo="
    },
    "repeat-string": {
      "version": "https://registry.npmjs.org/repeat-string/-/repeat-string-1.6.1.tgz",
      "integrity": "sha1-jcrkcOHIirwtYA//Sndihtp15jc="
    },
    "resolve": {
      "version": "https://registry.npmjs.org/resolve/-/resolve-1.3.3.tgz",
      "integrity": "sha1-ZVkHw0aahoDcLeOidaj91paR8OU="
    },
    "restore-cursor": {
      "version": "https://registry.npmjs.org/restore-cursor/-/restore-cursor-2.0.0.tgz",
      "integrity": "sha1-n37ih/gv0ybU/RYpI9YhKe7g368="
    },
    "run-async": {
      "version": "https://registry.npmjs.org/run-async/-/run-async-2.3.0.tgz",
      "integrity": "sha1-A3GrSuC91yDUFm19/aZP96RFpsA="
    },
    "rx-lite": {
      "version": "https://registry.npmjs.org/rx-lite/-/rx-lite-4.0.8.tgz",
      "integrity": "sha1-Cx4Rr4vESDbwSmQH6S2kJGe3lEQ="
    },
    "rx-lite-aggregates": {
      "version": "https://registry.npmjs.org/rx-lite-aggregates/-/rx-lite-aggregates-4.0.8.tgz",
      "integrity": "sha1-dTuHqJoRyVRnxKwWJsTvxOBcZ74="
    },
    "safe-buffer": {
      "version": "https://registry.npmjs.org/safe-buffer/-/safe-buffer-5.0.1.tgz",
      "integrity": "sha1-0mPKVGls2KMGtcplUekt5XkY++c="
    },
    "semver": {
      "version": "https://registry.npmjs.org/semver/-/semver-5.3.0.tgz",
      "integrity": "sha1-myzl094C0XxgEq0yaqa00M9U+U8="
    },
    "set-immediate-shim": {
      "version": "https://registry.npmjs.org/set-immediate-shim/-/set-immediate-shim-1.0.1.tgz",
      "integrity": "sha1-SysbJ+uAip+NzEgaWOXlb1mfP2E="
    },
    "shebang-command": {
      "version": "https://registry.npmjs.org/shebang-command/-/shebang-command-1.2.0.tgz",
      "integrity": "sha1-RKrGW2lbAzmJaMOfNj/uXer98eo="
    },
    "shebang-regex": {
      "version": "https://registry.npmjs.org/shebang-regex/-/shebang-regex-1.0.0.tgz",
      "integrity": "sha1-2kL0l0DAtC2yypcoVxyxkMmO/qM="
    },
    "shelljs": {
      "version": "https://registry.npmjs.org/shelljs/-/shelljs-0.7.8.tgz",
      "integrity": "sha1-3svPh0sNHl+3LhSxZKloMEjprLM="
    },
    "shimmer": {
      "version": "https://registry.npmjs.org/shimmer/-/shimmer-1.1.0.tgz",
      "integrity": "sha1-l9c3cTf/u6tCVSLkKf4KqJpIizU="
    },
    "signal-exit": {
      "version": "https://registry.npmjs.org/signal-exit/-/signal-exit-3.0.2.tgz",
      "integrity": "sha1-tf3AjxKH6hF4Yo5BXiUTK3NkbG0="
    },
    "source-map": {
      "version": "https://registry.npmjs.org/source-map/-/source-map-0.5.6.tgz",
      "integrity": "sha1-dc449SvwczxafwwRjYEzSiu19BI="
    },
    "source-map-support": {
      "version": "https://registry.npmjs.org/source-map-support/-/source-map-support-0.4.15.tgz",
      "integrity": "sha1-AyAt9lwG0r2MfsI2KhkwVv7407E="
    },
    "sprintf-js": {
      "version": "https://registry.npmjs.org/sprintf-js/-/sprintf-js-1.1.1.tgz",
      "integrity": "sha1-Nr54Mgr+WAH2zqPueLblqrlA6gw="
    },
    "string_decoder": {
      "version": "https://registry.npmjs.org/string_decoder/-/string_decoder-1.0.2.tgz",
      "integrity": "sha1-sp4fThEl+pehA4K4pTNze3SR4Xk="
    },
    "string-width": {
      "version": "https://registry.npmjs.org/string-width/-/string-width-2.0.0.tgz",
      "integrity": "sha1-Y1xUNsxypuDDh87KJ41OLuxSaH4="
    },
    "strip-ansi": {
      "version": "https://registry.npmjs.org/strip-ansi/-/strip-ansi-3.0.1.tgz",
      "integrity": "sha1-ajhfuIU9lS1f8F0Oiq+UJ43GPc8="
    },
    "strip-eof": {
      "version": "https://registry.npmjs.org/strip-eof/-/strip-eof-1.0.0.tgz",
      "integrity": "sha1-u0P/VZim6wXYm1n80SnJgzE2Br8="
    },
    "supports-color": {
      "version": "https://registry.npmjs.org/supports-color/-/supports-color-2.0.0.tgz",
      "integrity": "sha1-U10EXOa2Nj+kARcIRimZXp3zJMc="
    },
    "tar": {
      "version": "https://registry.npmjs.org/tar/-/tar-3.1.5.tgz",
      "integrity": "sha1-SYHpere61MsdXakjIEfJBHpoGu8=",
      "dependencies": {
        "yallist": {
          "version": "https://registry.npmjs.org/yallist/-/yallist-3.0.2.tgz",
          "integrity": "sha1-hFK0u36Dx8GI2AQcGoN8dz1ti7k="
        }
      }
    },
    "through": {
      "version": "https://registry.npmjs.org/through/-/through-2.3.8.tgz",
      "integrity": "sha1-DdTJ/6q8NXlgsbckEV1+Doai4fU="
    },
    "tmp": {
      "version": "https://registry.npmjs.org/tmp/-/tmp-0.0.31.tgz",
      "integrity": "sha1-jzirlDjhcxXl29izZX6L+yd65Kc="
    },
    "tv4": {
      "version": "https://registry.npmjs.org/tv4/-/tv4-1.3.0.tgz",
      "integrity": "sha1-0CDIRvrdUMhVq7JeuuzGj8EPeWM="
    },
    "universalify": {
      "version": "https://registry.npmjs.org/universalify/-/universalify-0.1.0.tgz",
      "integrity": "sha1-nrHEZR3rzGcMyU8adXYjMruWd3g="
    },
    "util-deprecate": {
      "version": "https://registry.npmjs.org/util-deprecate/-/util-deprecate-1.0.2.tgz",
      "integrity": "sha1-RQ1Nyfpw3nMnYvvS1KKJgUGaDM8="
    },
    "uuid": {
      "version": "https://registry.npmjs.org/uuid/-/uuid-3.0.1.tgz",
      "integrity": "sha1-ZUS7ot/ajBzxfmKaOjBeK7H+5sE="
    },
    "vizion": {
      "version": "https://registry.npmjs.org/vizion/-/vizion-0.2.13.tgz",
      "integrity": "sha1-ExTN7is0EW+fWxJIU2+V2/zW718="
    },
    "vxx": {
      "version": "https://registry.npmjs.org/vxx/-/vxx-1.2.2.tgz",
      "integrity": "sha1-dB+1HG8R0zg9pvm5IBil17qAdhE="
    },
    "which": {
      "version": "https://registry.npmjs.org/which/-/which-1.2.14.tgz",
      "integrity": "sha1-mofEN48D6CfOyvGs31bHNsAcFOU="
    },
    "wrappy": {
      "version": "https://registry.npmjs.org/wrappy/-/wrappy-1.0.2.tgz",
      "integrity": "sha1-tSQ9jz7BqjXxNkYFvA0QNuMKtp8="
    },
    "yallist": {
      "version": "https://registry.npmjs.org/yallist/-/yallist-2.1.2.tgz",
      "integrity": "sha1-HBH5IY8HYImkfdUS+TxmmaaoHVI="
    },
    "yamljs": {
      "version": "https://registry.npmjs.org/yamljs/-/yamljs-0.2.10.tgz",
      "integrity": "sha1-SBzHwlynOvWfWR8MluPOVsdXpA8="
    }
  }
}
